{
  "name": "Code Projects",
  "lockfileVersion": 2,
  "requires": true,
  "packages": {
    "": {
      "dependencies": {
        "shopify-buy": "^2.12.0"
      }
    },
    "node_modules/shopify-buy": {
      "version": "2.12.0",
      "resolved": "https://registry.npmjs.org/shopify-buy/-/shopify-buy-2.12.0.tgz",
      "integrity": "sha512-L0fo8fBDO31v9dAlVmLlIuJQnfwexGvceJ+A8hhIpovvfGh4GVGDId3k9PCWOqSzVHQBvYLdeGccxqjAOlbRlg=="
    }
  },
  "dependencies": {
    "shopify-buy": {
      "version": "2.12.0",
      "resolved": "https://registry.npmjs.org/shopify-buy/-/shopify-buy-2.12.0.tgz",
      "integrity": "sha512-L0fo8fBDO31v9dAlVmLlIuJQnfwexGvceJ+A8hhIpovvfGh4GVGDId3k9PCWOqSzVHQBvYLdeGccxqjAOlbRlg=="
    }
  }
}
